{
  "requires": true,
  "lockfileVersion": 1,
  "dependencies": {
    "@fancyapps/fancybox": {
      "version": "3.3.5",
      "resolved": "https://registry.npmjs.org/@fancyapps/fancybox/-/fancybox-3.3.5.tgz",
      "integrity": "sha512-/sO9o/zeQhWN1OMRlVOWpElN56Ww/aSNks5a7PZ7JKM6I5jeih6CxaCeeOp8jgJXVfElbWOO2KTAMT/7tICNcQ=="
    }
  }
}
